
Microsoft Visual Studio Solution File, Format Version 12.00
# Visual Studio Version 17
VisualStudioVersion = 17.2.32630.192
MinimumVisualStudioVersion = 10.0.40219.1
Project("{FAE04EC0-301F-11D3-BF4B-00C04F79EFBC}") = "CList", "CList\CList.csproj", "{F84268A1-D0F6-4AAC-8CFB-398C8B9C045F}"
EndProject
Project("{FAE04EC0-301F-11D3-BF4B-00C04F79EFBC}") = "CQueue", "CQueue\CQueue.csproj", "{FA48A392-494B-4945-A260-C1662851DFBA}"
EndProject
Project("{FAE04EC0-301F-11D3-BF4B-00C04F79EFBC}") = "CStack", "CStack\CStack.csproj", "{DB1E6CFE-E9F3-4C6D-8E42-F883270E68BA}"
EndProject
Global
	GlobalSection(SolutionConfigurationPlatforms) = preSolution
		Debug|Any CPU = Debug|Any CPU
		Release|Any CPU = Release|Any CPU
	EndGlobalSection
	GlobalSection(ProjectConfigurationPlatforms) = postSolution
		{F84268A1-D0F6-4AAC-8CFB-398C8B9C045F}.Debug|Any CPU.ActiveCfg = Debug|Any CPU
		{F84268A1-D0F6-4AAC-8CFB-398C8B9C045F}.Debug|Any CPU.Build.0 = Debug|Any CPU
		{F84268A1-D0F6-4AAC-8CFB-398C8B9C045F}.Release|Any CPU.ActiveCfg = Release|Any CPU
		{F84268A1-D0F6-4AAC-8CFB-398C8B9C045F}.Release|Any CPU.Build.0 = Release|Any CPU
		{FA48A392-494B-4945-A260-C1662851DFBA}.Debug|Any CPU.ActiveCfg = Debug|Any CPU
		{FA48A392-494B-4945-A260-C1662851DFBA}.Debug|Any CPU.Build.0 = Debug|Any CPU
		{FA48A392-494B-4945-A260-C1662851DFBA}.Release|Any CPU.ActiveCfg = Release|Any CPU
		{FA48A392-494B-4945-A260-C1662851DFBA}.Release|Any CPU.Build.0 = Release|Any CPU
		{DB1E6CFE-E9F3-4C6D-8E42-F883270E68BA}.Debug|Any CPU.ActiveCfg = Debug|Any CPU
		{DB1E6CFE-E9F3-4C6D-8E42-F883270E68BA}.Debug|Any CPU.Build.0 = Debug|Any CPU
		{DB1E6CFE-E9F3-4C6D-8E42-F883270E68BA}.Release|Any CPU.ActiveCfg = Release|Any CPU
		{DB1E6CFE-E9F3-4C6D-8E42-F883270E68BA}.Release|Any CPU.Build.0 = Release|Any CPU
	EndGlobalSection
	GlobalSection(SolutionProperties) = preSolution
		HideSolutionNode = FALSE
	EndGlobalSection
	GlobalSection(ExtensibilityGlobals) = postSolution
		SolutionGuid = {0D8CDEE9-2B8B-474C-B015-3375F90432F8}
	EndGlobalSection
EndGlobal
